
Microsoft Visual Studio Solution File, Format Version 12.00
# Visual Studio Version 16
VisualStudioVersion = 16.0.32126.315
MinimumVisualStudioVersion = 10.0.40219.1
Project("{FAE04EC0-301F-11D3-BF4B-00C04F79EFBC}") = "VendingMachine", "VendingMachine\VendingMachine.csproj", "{FD82FDA5-423F-48A7-AB4A-40DB988BD263}"
EndProject
Project("{FAE04EC0-301F-11D3-BF4B-00C04F79EFBC}") = "ProductCore", "ProductCore\ProductCore.csproj", "{D5279E92-CECF-421E-B6B8-C5F6EDD4EEB5}"
EndProject
Global
	GlobalSection(SolutionConfigurationPlatforms) = preSolution
		Debug|Any CPU = Debug|Any CPU
		Release|Any CPU = Release|Any CPU
	EndGlobalSection
	GlobalSection(ProjectConfigurationPlatforms) = postSolution
		{FD82FDA5-423F-48A7-AB4A-40DB988BD263}.Debug|Any CPU.ActiveCfg = Debug|Any CPU
		{FD82FDA5-423F-48A7-AB4A-40DB988BD263}.Debug|Any CPU.Build.0 = Debug|Any CPU
		{FD82FDA5-423F-48A7-AB4A-40DB988BD263}.Release|Any CPU.ActiveCfg = Release|Any CPU
		{FD82FDA5-423F-48A7-AB4A-40DB988BD263}.Release|Any CPU.Build.0 = Release|Any CPU
		{D5279E92-CECF-421E-B6B8-C5F6EDD4EEB5}.Debug|Any CPU.ActiveCfg = Debug|Any CPU
		{D5279E92-CECF-421E-B6B8-C5F6EDD4EEB5}.Debug|Any CPU.Build.0 = Debug|Any CPU
		{D5279E92-CECF-421E-B6B8-C5F6EDD4EEB5}.Release|Any CPU.ActiveCfg = Release|Any CPU
		{D5279E92-CECF-421E-B6B8-C5F6EDD4EEB5}.Release|Any CPU.Build.0 = Release|Any CPU
	EndGlobalSection
	GlobalSection(SolutionProperties) = preSolution
		HideSolutionNode = FALSE
	EndGlobalSection
	GlobalSection(ExtensibilityGlobals) = postSolution
		SolutionGuid = {01BD5040-B49C-4823-A417-BCE9B14FA50E}
	EndGlobalSection
EndGlobal
