
Microsoft Visual Studio Solution File, Format Version 12.00
# Visual Studio Version 16
VisualStudioVersion = 16.0.32126.315
MinimumVisualStudioVersion = 10.0.40219.1
Project("{9A19103F-16F7-4668-BE54-9A1E7A4F7556}") = "VendingMachine", "VendingMachine\VendingMachine.csproj", "{FD82FDA5-423F-48A7-AB4A-40DB988BD263}"
EndProject
Project("{9A19103F-16F7-4668-BE54-9A1E7A4F7556}") = "ProductCore", "ProductCore\ProductCore.csproj", "{D5279E92-CECF-421E-B6B8-C5F6EDD4EEB5}"
EndProject
Project("{9A19103F-16F7-4668-BE54-9A1E7A4F7556}") = "VendingMachineTest", "VendingMachineTest\VendingMachineTest.csproj", "{AC95C1A9-6078-4CD0-967A-E1B20C853C6B}"
EndProject
Project("{FAE04EC0-301F-11D3-BF4B-00C04F79EFBC}") = "NutritionCore", "NutritounCore\NutritionCore.csproj", "{C706A844-0F6B-41F0-8199-FB729D5904F3}"
EndProject
Global
	GlobalSection(SolutionConfigurationPlatforms) = preSolution
		Debug|Any CPU = Debug|Any CPU
		Release|Any CPU = Release|Any CPU
	EndGlobalSection
	GlobalSection(ProjectConfigurationPlatforms) = postSolution
		{FD82FDA5-423F-48A7-AB4A-40DB988BD263}.Debug|Any CPU.ActiveCfg = Debug|Any CPU
		{FD82FDA5-423F-48A7-AB4A-40DB988BD263}.Debug|Any CPU.Build.0 = Debug|Any CPU
		{FD82FDA5-423F-48A7-AB4A-40DB988BD263}.Release|Any CPU.ActiveCfg = Release|Any CPU
		{FD82FDA5-423F-48A7-AB4A-40DB988BD263}.Release|Any CPU.Build.0 = Release|Any CPU
		{D5279E92-CECF-421E-B6B8-C5F6EDD4EEB5}.Debug|Any CPU.ActiveCfg = Debug|Any CPU
		{D5279E92-CECF-421E-B6B8-C5F6EDD4EEB5}.Debug|Any CPU.Build.0 = Debug|Any CPU
		{D5279E92-CECF-421E-B6B8-C5F6EDD4EEB5}.Release|Any CPU.ActiveCfg = Release|Any CPU
		{D5279E92-CECF-421E-B6B8-C5F6EDD4EEB5}.Release|Any CPU.Build.0 = Release|Any CPU
		{AC95C1A9-6078-4CD0-967A-E1B20C853C6B}.Debug|Any CPU.ActiveCfg = Debug|Any CPU
		{AC95C1A9-6078-4CD0-967A-E1B20C853C6B}.Debug|Any CPU.Build.0 = Debug|Any CPU
		{AC95C1A9-6078-4CD0-967A-E1B20C853C6B}.Release|Any CPU.ActiveCfg = Release|Any CPU
		{AC95C1A9-6078-4CD0-967A-E1B20C853C6B}.Release|Any CPU.Build.0 = Release|Any CPU
		{C706A844-0F6B-41F0-8199-FB729D5904F3}.Debug|Any CPU.ActiveCfg = Debug|Any CPU
		{C706A844-0F6B-41F0-8199-FB729D5904F3}.Debug|Any CPU.Build.0 = Debug|Any CPU
		{C706A844-0F6B-41F0-8199-FB729D5904F3}.Release|Any CPU.ActiveCfg = Release|Any CPU
		{C706A844-0F6B-41F0-8199-FB729D5904F3}.Release|Any CPU.Build.0 = Release|Any CPU
	EndGlobalSection
	GlobalSection(SolutionProperties) = preSolution
		HideSolutionNode = FALSE
	EndGlobalSection
	GlobalSection(ExtensibilityGlobals) = postSolution
		SolutionGuid = {01BD5040-B49C-4823-A417-BCE9B14FA50E}
	EndGlobalSection
EndGlobal
